{
  "version": 4,
  "terraform_version": "1.5.6",
  "serial": 17,
  "lineage": "590155b9-2542-9174-b362-62e6da04a7b1",
  "outputs": {
    "kubernetes_cluster_host": {
      "value": "34.135.49.223",
      "type": "string"
    },
    "kubernetes_cluster_name": {
      "value": "airflow-gke-data-bootcamp",
      "type": "string"
    },
    "location": {
      "value": "us-central1-a",
      "type": "string"
    },
    "project_id": {
      "value": "deb-project-401113",
      "type": "string"
    },
    "region": {
      "value": "us-central1",
      "type": "string"
    }
  },
  "resources": [
    {
      "module": "module.cloudsql",
      "mode": "managed",
      "type": "google_sql_database",
      "name": "database",
      "provider": "provider[\"registry.terraform.io/hashicorp/google\"]",
      "instances": [
        {
          "schema_version": 0,
          "attributes": {
            "charset": "UTF8",
            "collation": "en_US.UTF8",
            "id": "projects/deb-project-401113/instances/data-bootcamp-1/databases/dbname",
            "instance": "data-bootcamp-1",
            "name": "dbname",
            "project": "deb-project-401113",
            "self_link": "https://sqladmin.googleapis.com/sql/v1beta4/projects/deb-project-401113/instances/data-bootcamp-1/databases/dbname",
            "timeouts": null
          },
          "sensitive_attributes": [],
          "private": "eyJlMmJmYjczMC1lY2FhLTExZTYtOGY4OC0zNDM2M2JjN2M0YzAiOnsiY3JlYXRlIjo5MDAwMDAwMDAwMDAsImRlbGV0ZSI6NjAwMDAwMDAwMDAwLCJ1cGRhdGUiOjYwMDAwMDAwMDAwMH19",
          "dependencies": [
            "module.cloudsql.google_sql_database_instance.sql_instance"
          ]
        }
      ]
    },
    {
      "module": "module.cloudsql",
      "mode": "managed",
      "type": "google_sql_database_instance",
      "name": "sql_instance",
      "provider": "provider[\"registry.terraform.io/hashicorp/google\"]",
      "instances": [
        {
          "schema_version": 0,
          "attributes": {
            "clone": [],
            "connection_name": "deb-project-401113:us-central1:data-bootcamp-1",
            "database_version": "POSTGRES_15",
            "deletion_protection": false,
            "first_ip_address": "34.135.31.181",
            "id": "data-bootcamp-1",
            "ip_address": [
              {
                "ip_address": "34.135.31.181",
                "time_to_retire": "",
                "type": "PRIMARY"
              },
              {
                "ip_address": "34.69.54.200",
                "time_to_retire": "",
                "type": "OUTGOING"
              }
            ],
            "master_instance_name": "",
            "name": "data-bootcamp-1",
            "private_ip_address": "",
            "project": "deb-project-401113",
            "public_ip_address": "34.135.31.181",
            "region": "us-central1",
            "replica_configuration": [],
            "restore_backup_context": [],
            "root_password": null,
            "self_link": "https://sqladmin.googleapis.com/sql/v1beta4/projects/deb-project-401113/instances/data-bootcamp-1",
            "server_ca_cert": [
              {
                "cert": "-----BEGIN CERTIFICATE-----\nMIIDfzCCAmegAwIBAgIBADANBgkqhkiG9w0BAQsFADB3MS0wKwYDVQQuEyQxM2Nl\nYjNiMC0zYTBkLTQxODItYmZmZi1lMWNkMTZhZmNiZjcxIzAhBgNVBAMTGkdvb2ds\nZSBDbG91ZCBTUUwgU2VydmVyIENBMRQwEgYDVQQKEwtHb29nbGUsIEluYzELMAkG\nA1UEBhMCVVMwHhcNMjMxMDExMDI1MTM1WhcNMzMxMDA4MDI1MjM1WjB3MS0wKwYD\nVQQuEyQxM2NlYjNiMC0zYTBkLTQxODItYmZmZi1lMWNkMTZhZmNiZjcxIzAhBgNV\nBAMTGkdvb2dsZSBDbG91ZCBTUUwgU2VydmVyIENBMRQwEgYDVQQKEwtHb29nbGUs\nIEluYzELMAkGA1UEBhMCVVMwggEiMA0GCSqGSIb3DQEBAQUAA4IBDwAwggEKAoIB\nAQCuibLv2KzaGlHO4wtkSJ8df5PMvUplz6JnKWEEG2QpxVY1jD7aKzO4ZXcmdjnb\nnZ6D1OjBLLz5dl5rISqdUn4KLIgRSCnRTyiLOYUyefdVFDC9Ij6drUiSqYS8g264\nUd6b6z3VkFHnc42nq80gI062FZNW3ZZ/OVNCo9QXOErymykN3FfACym7kK6J/vt0\nYWrJ37jYgZE2PfE8Cc3UfsNXH+HHe63phn03KKMDiEH8HPqh6rGn4sfyFXo+tB+e\nugLwkAavqvBuxdiJaAN4ilUAwFMxIrLYmtj276jbVyA/wIj7EqWJIdm0s4/EDlxQ\ncVIAHzZXHOdcDDicyjXydVLDAgMBAAGjFjAUMBIGA1UdEwEB/wQIMAYBAf8CAQAw\nDQYJKoZIhvcNAQELBQADggEBAEUr7wXbLZiU+CBPXtEJOcbWe5JsjrudcSoTJLiC\nBncFlYqKoFrWdvEjW3zx8bQx6w+31VWcCYxFLZl5PkxWF88ulpXGIx+VAE1tHlD6\nV4FP0LDtPOMkdZBy16b7rCD73VZ5oU1J1oO471TWsHy7JOE8Hk+wCfUPKfxd7vuc\nIJaZE8spQjmCBjafzJ3v4hbq3VeZFNRrAophJAtlOFTxV2bIN/XWelRboD+4IMps\nXXyhIw3VhNUOPyrLYB7Q5zOhsDZvqfq5yV9qGHlitbZhtGKbAXE0nzeXmlhGY+3f\nakoCW1Cjwy9ccPi5DzDg0yy0YwoCJ/TPAbBs9RHWwWCF6AE=\n-----END CERTIFICATE-----",
                "common_name": "C=US,O=Google\\, Inc,CN=Google Cloud SQL Server CA,dnQualifier=13ceb3b0-3a0d-4182-bfff-e1cd16afcbf7",
                "create_time": "2023-10-11T02:51:35.005Z",
                "expiration_time": "2033-10-08T02:52:35.005Z",
                "sha1_fingerprint": "7d93706e1eba954a3bc3f8dd53dded914ea31151"
              }
            ],
            "service_account_email_address": "p662195622910-aef9z9@gcp-sa-cloud-sql.iam.gserviceaccount.com",
            "settings": [
              {
                "activation_policy": "ALWAYS",
                "authorized_gae_applications": [],
                "availability_type": "ZONAL",
                "backup_configuration": [
                  {
                    "backup_retention_settings": [
                      {
                        "retained_backups": 7,
                        "retention_unit": "COUNT"
                      }
                    ],
                    "binary_log_enabled": false,
                    "enabled": false,
                    "location": "",
                    "point_in_time_recovery_enabled": false,
                    "start_time": "13:00",
                    "transaction_log_retention_days": 7
                  }
                ],
                "crash_safe_replication": false,
                "database_flags": [],
                "disk_autoresize": true,
                "disk_autoresize_limit": 0,
                "disk_size": 10,
                "disk_type": "PD_SSD",
                "insights_config": [],
                "ip_configuration": [
                  {
                    "authorized_networks": [
                      {
                        "expiration_time": "",
                        "name": "test-cluster",
                        "value": "0.0.0.0/0"
                      }
                    ],
                    "ipv4_enabled": true,
                    "private_network": "",
                    "require_ssl": false
                  }
                ],
                "location_preference": [
                  {
                    "follow_gae_application": "",
                    "zone": "us-central1-a"
                  }
                ],
                "maintenance_window": [],
                "pricing_plan": "PER_USE",
                "replication_type": "SYNCHRONOUS",
                "tier": "db-f1-micro",
                "user_labels": {},
                "version": 1
              }
            ],
            "timeouts": null
          },
          "sensitive_attributes": [],
          "private": "eyJlMmJmYjczMC1lY2FhLTExZTYtOGY4OC0zNDM2M2JjN2M0YzAiOnsiY3JlYXRlIjoxODAwMDAwMDAwMDAwLCJkZWxldGUiOjE4MDAwMDAwMDAwMDAsInVwZGF0ZSI6MTgwMDAwMDAwMDAwMH19"
        }
      ]
    },
    {
      "module": "module.cloudsql",
      "mode": "managed",
      "type": "google_sql_user",
      "name": "users",
      "provider": "provider[\"registry.terraform.io/hashicorp/google\"]",
      "instances": [
        {
          "schema_version": 1,
          "attributes": {
            "deletion_policy": null,
            "host": "",
            "id": "postgres//data-bootcamp-1",
            "instance": "data-bootcamp-1",
            "name": "postgres",
            "password": "postgres",
            "project": "deb-project-401113",
            "timeouts": null,
            "type": ""
          },
          "sensitive_attributes": [],
          "private": "eyJlMmJmYjczMC1lY2FhLTExZTYtOGY4OC0zNDM2M2JjN2M0YzAiOnsiY3JlYXRlIjo2MDAwMDAwMDAwMDAsImRlbGV0ZSI6NjAwMDAwMDAwMDAwLCJ1cGRhdGUiOjYwMDAwMDAwMDAwMH0sInNjaGVtYV92ZXJzaW9uIjoiMSJ9",
          "dependencies": [
            "module.cloudsql.google_sql_database_instance.sql_instance"
          ]
        }
      ]
    },
    {
      "module": "module.gke",
      "mode": "managed",
      "type": "google_container_cluster",
      "name": "primary",
      "provider": "provider[\"registry.terraform.io/hashicorp/google\"]",
      "instances": [
        {
          "schema_version": 1,
          "attributes": {
            "addons_config": [
              {
                "cloudrun_config": [],
                "horizontal_pod_autoscaling": [],
                "http_load_balancing": [],
                "network_policy_config": [
                  {
                    "disabled": true
                  }
                ]
              }
            ],
            "authenticator_groups_config": [],
            "cluster_autoscaling": [
              {
                "auto_provisioning_defaults": [],
                "enabled": false,
                "resource_limits": []
              }
            ],
            "cluster_ipv4_cidr": "10.4.0.0/14",
            "database_encryption": [
              {
                "key_name": "",
                "state": "DECRYPTED"
              }
            ],
            "datapath_provider": "",
            "default_max_pods_per_node": 110,
            "default_snat_status": [
              {
                "disabled": false
              }
            ],
            "description": "",
            "enable_autopilot": false,
            "enable_binary_authorization": false,
            "enable_intranode_visibility": false,
            "enable_kubernetes_alpha": false,
            "enable_legacy_abac": false,
            "enable_shielded_nodes": false,
            "enable_tpu": false,
            "endpoint": "34.135.49.223",
            "id": "projects/deb-project-401113/locations/us-central1-a/clusters/airflow-gke-data-bootcamp",
            "initial_node_count": 1,
            "instance_group_urls": [
              "https://www.googleapis.com/compute/v1/projects/deb-project-401113/zones/us-central1-a/instanceGroups/gke-airflow-gke-data-airflow-gke-data-fdcffb8d-grp"
            ],
            "ip_allocation_policy": [
              {
                "cluster_ipv4_cidr_block": "10.4.0.0/14",
                "cluster_secondary_range_name": "gke-airflow-gke-data-bootcamp-pods-7c082b30",
                "services_ipv4_cidr_block": "10.2.128.0/20",
                "services_secondary_range_name": "gke-airflow-gke-data-bootcamp-services-7c082b30"
              }
            ],
            "label_fingerprint": "a9dc16a7",
            "location": "us-central1-a",
            "logging_service": "logging.googleapis.com/kubernetes",
            "maintenance_policy": [],
            "master_auth": [
              {
                "client_certificate": "",
                "client_certificate_config": [
                  {
                    "issue_client_certificate": false
                  }
                ],
                "client_key": "",
                "cluster_ca_certificate": "LS0tLS1CRUdJTiBDRVJUSUZJQ0FURS0tLS0tCk1JSUVMVENDQXBXZ0F3SUJBZ0lSQUpUMUxJRnB4RTJhbEpmVUJWT21aK2d3RFFZSktvWklodmNOQVFFTEJRQXcKTHpFdE1Dc0dBMVVFQXhNa01XUXhORGRpTlRjdE5qbG1OUzAwWldJeExUZ3laRGN0TUdGbU0yUmlOR0kyWVdWaApNQ0FYRFRJek1UQXhNVEF4TXpReE5Wb1lEekl3TlRNeE1EQXpNREl6TkRFMVdqQXZNUzB3S3dZRFZRUURFeVF4ClpERTBOMkkxTnkwMk9XWTFMVFJsWWpFdE9ESmtOeTB3WVdZelpHSTBZalpoWldFd2dnR2lNQTBHQ1NxR1NJYjMKRFFFQkFRVUFBNElCandBd2dnR0tBb0lCZ1FEOWxxQW8xV1N4M2RiU1NRTFd1TTlaT2liK00xVk5yTjlKd1VtVwozL1had1J4cmhGbTBRU2U5REU1a1VtS3N3YWdtZlVIZlR6NDdzZlUvNW9KVkJWWkQvemcvVUtLK21aQlZoWklnCnE5N0gzQTdWY280OWJUQ3o5RGFUNithWlNUZFlydkcvSTZpblROTXFOT3dsK01WWWViVGJnSGNwZnJ1aFJjNHIKTkJuREIrN3Zxc0dsY1ZKa3VOblFSdnVzOG5mOWphRzBQSDEweEE2T2VaeTV0UVYxUUZZSCtjYXRJZm04Q2xHZQpoQVQ5aHVUenRuREVVUmVYQk9yTkFvczZWS3hCQ0RDd1RBNW5iSzNXSTR5UWg4Y0FlTmlJWW9OZmRmZ0pZLy9KCnhnelBiRWxXRUhYR08xRi9KOTdGM0hZeHpvWkVrMVlldlYyT0JTWXN4eDBNV0lwNUs5bU1ZWm5PWFdvYjVoT2kKZ2RQNnZjN0sxUi9pdjl6YTlhNlp6RUhJak9FaG05bjFtVDBGNDJHSHdiSXVOdGRCaGlSY2pFeFVSYXczZ0R2NQpmRzI5a3NVRXZpNHFwMTdKemxtWnY3cGduY0crYlZudU9wWE5abnc3b2dDZTdhd0xETy9RL2wyMjhkSElHVGZyCnpwQ1F6dTBkL3QzMVZrelZzT25ZZXladjZYY0NBd0VBQWFOQ01FQXdEZ1lEVlIwUEFRSC9CQVFEQWdJRU1BOEcKQTFVZEV3RUIvd1FGTUFNQkFmOHdIUVlEVlIwT0JCWUVGTHJCeE5FWisyWjF4WnlQcHMwL0NrWlBMRUk1TUEwRwpDU3FHU0liM0RRRUJDd1VBQTRJQmdRRDhFcTFIc09VcFlGR1A1U0llZWRsbUhGZ3JrbXBRbVArVUMzTmZPU2lYCkRSYzZDMi9qYS9DRkVSTVBTL3J1YWI3eHVSK1NxaHJpbzJQVG8zMGN3Vkw1WnUxQnAzYWJ2Y1YydVluUUNWSmEKVlRzNXZIbC9VOVJXd1VrTDRMODVVYmdyOW1VMTRtbncreGpGS1RwNGRBaHE2RWRPb3cvTmdSQVVZUE4rUFkrdgpZZUhLRlpSdzdXdHlMS0F3SkJFVExPbEdla0g1QkRldEZDT0hPMFpNRmF1b3lvY0NXSTVhaXdwdmtKZElPTk81CmFXVHhIUUJvM2swUHl0ZHRtSWRLV3FvcXBVNXdyZTlTMUY0L2tmTThxOVlLU1ZadE4wSHlGUUkrRVM3cTl1aGgKbUY4MGVsSHl2TXNlYWlDVkwzTFpIOFZVMjVtZDN1K01SNzFSQ1h4TWcza1RVcVVCdTEvYUVFd0w0WE94elhaWQpFREcrenBWNDc1dm4rUmV6ZUV2ZWlqRVkwV0M3VllMWnBBNGtqaFBxUG1vTDd2SCswamV6Q01OMm0zMVZvVjVBCll3K3pGV3RFOTZPZEo0U3dBSlNGRjI3cXpQOEorcExETWhCZTE5ZlZKL0JyUTEyaXlIV1QwY05JQllBVkxTUkQKdEJWa3c5UGU5Z0ZXSldQUUhkbmx6NFE9Ci0tLS0tRU5EIENFUlRJRklDQVRFLS0tLS0K",
                "password": "",
                "username": ""
              }
            ],
            "master_authorized_networks_config": [],
            "master_version": "1.27.3-gke.100",
            "min_master_version": null,
            "monitoring_service": "monitoring.googleapis.com/kubernetes",
            "name": "airflow-gke-data-bootcamp",
            "network": "projects/deb-project-401113/global/networks/deb-project-401113-vpc",
            "network_policy": [
              {
                "enabled": false,
                "provider": "PROVIDER_UNSPECIFIED"
              }
            ],
            "networking_mode": "VPC_NATIVE",
            "node_config": [
              {
                "disk_size_gb": 100,
                "disk_type": "pd-balanced",
                "guest_accelerator": [],
                "image_type": "COS_CONTAINERD",
                "labels": {
                  "env": "deb-project-401113"
                },
                "local_ssd_count": 0,
                "machine_type": "n1-standard-1",
                "metadata": {
                  "disable-legacy-endpoints": "true"
                },
                "min_cpu_platform": "",
                "oauth_scopes": [
                  "https://www.googleapis.com/auth/logging.write",
                  "https://www.googleapis.com/auth/monitoring"
                ],
                "preemptible": false,
                "service_account": "default",
                "shielded_instance_config": [
                  {
                    "enable_integrity_monitoring": true,
                    "enable_secure_boot": false
                  }
                ],
                "tags": [
                  "gke-node",
                  "deb-project-401113-gke"
                ],
                "taint": [],
                "workload_metadata_config": []
              }
            ],
            "node_locations": [],
            "node_pool": [
              {
                "autoscaling": [],
                "initial_node_count": 3,
                "instance_group_urls": [
                  "https://www.googleapis.com/compute/v1/projects/deb-project-401113/zones/us-central1-a/instanceGroupManagers/gke-airflow-gke-data-airflow-gke-data-fdcffb8d-grp"
                ],
                "management": [
                  {
                    "auto_repair": true,
                    "auto_upgrade": true
                  }
                ],
                "max_pods_per_node": 110,
                "name": "airflow-gke-data-bootcamp-node-pool",
                "name_prefix": "",
                "node_config": [
                  {
                    "disk_size_gb": 100,
                    "disk_type": "pd-balanced",
                    "guest_accelerator": [],
                    "image_type": "COS_CONTAINERD",
                    "labels": {
                      "env": "deb-project-401113"
                    },
                    "local_ssd_count": 0,
                    "machine_type": "n1-standard-1",
                    "metadata": {
                      "disable-legacy-endpoints": "true"
                    },
                    "min_cpu_platform": "",
                    "oauth_scopes": [
                      "https://www.googleapis.com/auth/logging.write",
                      "https://www.googleapis.com/auth/monitoring"
                    ],
                    "preemptible": false,
                    "service_account": "default",
                    "shielded_instance_config": [
                      {
                        "enable_integrity_monitoring": true,
                        "enable_secure_boot": false
                      }
                    ],
                    "tags": [
                      "gke-node",
                      "deb-project-401113-gke"
                    ],
                    "taint": [],
                    "workload_metadata_config": []
                  }
                ],
                "node_count": 3,
                "node_locations": [
                  "us-central1-a"
                ],
                "upgrade_settings": [
                  {
                    "max_surge": 1,
                    "max_unavailable": 0
                  }
                ],
                "version": "1.27.3-gke.100"
              }
            ],
            "node_version": "1.27.3-gke.100",
            "operation": null,
            "pod_security_policy_config": [],
            "private_cluster_config": [
              {
                "enable_private_endpoint": false,
                "enable_private_nodes": false,
                "master_global_access_config": [
                  {
                    "enabled": false
                  }
                ],
                "master_ipv4_cidr_block": "",
                "peering_name": "",
                "private_endpoint": "10.0.1.2",
                "public_endpoint": "34.135.49.223"
              }
            ],
            "private_ipv6_google_access": "",
            "project": "deb-project-401113",
            "release_channel": [
              {
                "channel": "REGULAR"
              }
            ],
            "remove_default_node_pool": true,
            "resource_labels": {},
            "resource_usage_export_config": [],
            "self_link": "https://container.googleapis.com/v1beta1/projects/deb-project-401113/zones/us-central1-a/clusters/airflow-gke-data-bootcamp",
            "services_ipv4_cidr": "10.2.128.0/20",
            "subnetwork": "projects/deb-project-401113/regions/us-central1/subnetworks/private-0-private-subnet",
            "timeouts": null,
            "tpu_ipv4_cidr_block": "",
            "vertical_pod_autoscaling": [],
            "workload_identity_config": []
          },
          "sensitive_attributes": [],
          "private": "eyJlMmJmYjczMC1lY2FhLTExZTYtOGY4OC0zNDM2M2JjN2M0YzAiOnsiY3JlYXRlIjoyNDAwMDAwMDAwMDAwLCJkZWxldGUiOjI0MDAwMDAwMDAwMDAsInJlYWQiOjI0MDAwMDAwMDAwMDAsInVwZGF0ZSI6MzYwMDAwMDAwMDAwMH0sInNjaGVtYV92ZXJzaW9uIjoiMSJ9",
          "dependencies": [
            "module.vpc.google_compute_network.main-vpc",
            "module.vpc.google_compute_subnetwork.private_subnets"
          ]
        }
      ]
    },
    {
      "module": "module.gke",
      "mode": "managed",
      "type": "google_container_node_pool",
      "name": "primary_nodes",
      "provider": "provider[\"registry.terraform.io/hashicorp/google\"]",
      "instances": [
        {
          "schema_version": 1,
          "attributes": {
            "autoscaling": [],
            "cluster": "airflow-gke-data-bootcamp",
            "id": "projects/deb-project-401113/locations/us-central1-a/clusters/airflow-gke-data-bootcamp/nodePools/airflow-gke-data-bootcamp-node-pool",
            "initial_node_count": 3,
            "instance_group_urls": [
              "https://www.googleapis.com/compute/v1/projects/deb-project-401113/zones/us-central1-a/instanceGroupManagers/gke-airflow-gke-data-airflow-gke-data-fdcffb8d-grp"
            ],
            "location": "us-central1-a",
            "management": [
              {
                "auto_repair": true,
                "auto_upgrade": true
              }
            ],
            "max_pods_per_node": 110,
            "name": "airflow-gke-data-bootcamp-node-pool",
            "name_prefix": "",
            "node_config": [
              {
                "disk_size_gb": 100,
                "disk_type": "pd-balanced",
                "guest_accelerator": [],
                "image_type": "COS_CONTAINERD",
                "labels": {
                  "env": "deb-project-401113"
                },
                "local_ssd_count": 0,
                "machine_type": "n1-standard-1",
                "metadata": {
                  "disable-legacy-endpoints": "true"
                },
                "min_cpu_platform": "",
                "oauth_scopes": [
                  "https://www.googleapis.com/auth/logging.write",
                  "https://www.googleapis.com/auth/monitoring"
                ],
                "preemptible": false,
                "service_account": "default",
                "shielded_instance_config": [
                  {
                    "enable_integrity_monitoring": true,
                    "enable_secure_boot": false
                  }
                ],
                "tags": [
                  "gke-node",
                  "deb-project-401113-gke"
                ],
                "taint": [],
                "workload_metadata_config": []
              }
            ],
            "node_count": 3,
            "node_locations": [
              "us-central1-a"
            ],
            "operation": null,
            "project": "deb-project-401113",
            "timeouts": null,
            "upgrade_settings": [
              {
                "max_surge": 1,
                "max_unavailable": 0
              }
            ],
            "version": "1.27.3-gke.100"
          },
          "sensitive_attributes": [],
          "private": "eyJlMmJmYjczMC1lY2FhLTExZTYtOGY4OC0zNDM2M2JjN2M0YzAiOnsiY3JlYXRlIjoxODAwMDAwMDAwMDAwLCJkZWxldGUiOjE4MDAwMDAwMDAwMDAsInVwZGF0ZSI6MTgwMDAwMDAwMDAwMH0sInNjaGVtYV92ZXJzaW9uIjoiMSJ9",
          "dependencies": [
            "module.gke.google_container_cluster.primary",
            "module.vpc.google_compute_network.main-vpc",
            "module.vpc.google_compute_subnetwork.private_subnets"
          ]
        }
      ]
    },
    {
      "module": "module.vpc",
      "mode": "managed",
      "type": "google_compute_network",
      "name": "main-vpc",
      "provider": "provider[\"registry.terraform.io/hashicorp/google\"]",
      "instances": [
        {
          "schema_version": 0,
          "attributes": {
            "auto_create_subnetworks": false,
            "delete_default_routes_on_create": false,
            "description": "",
            "gateway_ipv4": "",
            "id": "projects/deb-project-401113/global/networks/deb-project-401113-vpc",
            "mtu": 0,
            "name": "deb-project-401113-vpc",
            "project": "deb-project-401113",
            "routing_mode": "REGIONAL",
            "self_link": "https://www.googleapis.com/compute/v1/projects/deb-project-401113/global/networks/deb-project-401113-vpc",
            "timeouts": null
          },
          "sensitive_attributes": [],
          "private": "eyJlMmJmYjczMC1lY2FhLTExZTYtOGY4OC0zNDM2M2JjN2M0YzAiOnsiY3JlYXRlIjoyNDAwMDAwMDAwMDAsImRlbGV0ZSI6MjQwMDAwMDAwMDAwLCJ1cGRhdGUiOjI0MDAwMDAwMDAwMH19"
        }
      ]
    },
    {
      "module": "module.vpc",
      "mode": "managed",
      "type": "google_compute_subnetwork",
      "name": "private_subnets",
      "provider": "provider[\"registry.terraform.io/hashicorp/google\"]",
      "instances": [
        {
          "index_key": 0,
          "schema_version": 0,
          "attributes": {
            "creation_timestamp": "2023-10-10T19:34:01.049-07:00",
            "description": "",
            "fingerprint": null,
            "gateway_address": "10.0.1.1",
            "id": "projects/deb-project-401113/regions/us-central1/subnetworks/private-0-private-subnet",
            "ip_cidr_range": "10.0.1.0/24",
            "log_config": [],
            "name": "private-0-private-subnet",
            "network": "https://www.googleapis.com/compute/v1/projects/deb-project-401113/global/networks/deb-project-401113-vpc",
            "private_ip_google_access": false,
            "private_ipv6_google_access": "DISABLE_GOOGLE_ACCESS",
            "project": "deb-project-401113",
            "region": "us-central1",
            "secondary_ip_range": [
              {
                "ip_cidr_range": "10.4.0.0/14",
                "range_name": "gke-airflow-gke-data-bootcamp-pods-7c082b30"
              },
              {
                "ip_cidr_range": "10.2.128.0/20",
                "range_name": "gke-airflow-gke-data-bootcamp-services-7c082b30"
              }
            ],
            "self_link": "https://www.googleapis.com/compute/v1/projects/deb-project-401113/regions/us-central1/subnetworks/private-0-private-subnet",
            "timeouts": null
          },
          "sensitive_attributes": [],
          "private": "eyJlMmJmYjczMC1lY2FhLTExZTYtOGY4OC0zNDM2M2JjN2M0YzAiOnsiY3JlYXRlIjozNjAwMDAwMDAwMDAsImRlbGV0ZSI6MzYwMDAwMDAwMDAwLCJ1cGRhdGUiOjM2MDAwMDAwMDAwMH19",
          "dependencies": [
            "module.vpc.google_compute_network.main-vpc"
          ]
        },
        {
          "index_key": 1,
          "schema_version": 0,
          "attributes": {
            "creation_timestamp": "2023-10-10T19:34:01.205-07:00",
            "description": "",
            "fingerprint": null,
            "gateway_address": "10.0.2.1",
            "id": "projects/deb-project-401113/regions/us-central1/subnetworks/private-1-private-subnet",
            "ip_cidr_range": "10.0.2.0/24",
            "log_config": [],
            "name": "private-1-private-subnet",
            "network": "https://www.googleapis.com/compute/v1/projects/deb-project-401113/global/networks/deb-project-401113-vpc",
            "private_ip_google_access": false,
            "private_ipv6_google_access": "DISABLE_GOOGLE_ACCESS",
            "project": "deb-project-401113",
            "region": "us-central1",
            "secondary_ip_range": [],
            "self_link": "https://www.googleapis.com/compute/v1/projects/deb-project-401113/regions/us-central1/subnetworks/private-1-private-subnet",
            "timeouts": null
          },
          "sensitive_attributes": [],
          "private": "eyJlMmJmYjczMC1lY2FhLTExZTYtOGY4OC0zNDM2M2JjN2M0YzAiOnsiY3JlYXRlIjozNjAwMDAwMDAwMDAsImRlbGV0ZSI6MzYwMDAwMDAwMDAwLCJ1cGRhdGUiOjM2MDAwMDAwMDAwMH19",
          "dependencies": [
            "module.vpc.google_compute_network.main-vpc"
          ]
        },
        {
          "index_key": 2,
          "schema_version": 0,
          "attributes": {
            "creation_timestamp": "2023-10-10T19:34:01.299-07:00",
            "description": "",
            "fingerprint": null,
            "gateway_address": "10.0.3.1",
            "id": "projects/deb-project-401113/regions/us-central1/subnetworks/private-2-private-subnet",
            "ip_cidr_range": "10.0.3.0/24",
            "log_config": [],
            "name": "private-2-private-subnet",
            "network": "https://www.googleapis.com/compute/v1/projects/deb-project-401113/global/networks/deb-project-401113-vpc",
            "private_ip_google_access": false,
            "private_ipv6_google_access": "DISABLE_GOOGLE_ACCESS",
            "project": "deb-project-401113",
            "region": "us-central1",
            "secondary_ip_range": [],
            "self_link": "https://www.googleapis.com/compute/v1/projects/deb-project-401113/regions/us-central1/subnetworks/private-2-private-subnet",
            "timeouts": null
          },
          "sensitive_attributes": [],
          "private": "eyJlMmJmYjczMC1lY2FhLTExZTYtOGY4OC0zNDM2M2JjN2M0YzAiOnsiY3JlYXRlIjozNjAwMDAwMDAwMDAsImRlbGV0ZSI6MzYwMDAwMDAwMDAwLCJ1cGRhdGUiOjM2MDAwMDAwMDAwMH19",
          "dependencies": [
            "module.vpc.google_compute_network.main-vpc"
          ]
        }
      ]
    },
    {
      "module": "module.vpc",
      "mode": "managed",
      "type": "google_compute_subnetwork",
      "name": "public_subnets",
      "provider": "provider[\"registry.terraform.io/hashicorp/google\"]",
      "instances": [
        {
          "index_key": 0,
          "schema_version": 0,
          "attributes": {
            "creation_timestamp": "2023-10-10T19:34:00.580-07:00",
            "description": "",
            "fingerprint": null,
            "gateway_address": "10.0.4.1",
            "id": "projects/deb-project-401113/regions/us-central1/subnetworks/public-0-public-subnet",
            "ip_cidr_range": "10.0.4.0/24",
            "log_config": [],
            "name": "public-0-public-subnet",
            "network": "https://www.googleapis.com/compute/v1/projects/deb-project-401113/global/networks/deb-project-401113-vpc",
            "private_ip_google_access": false,
            "private_ipv6_google_access": "DISABLE_GOOGLE_ACCESS",
            "project": "deb-project-401113",
            "region": "us-central1",
            "secondary_ip_range": [],
            "self_link": "https://www.googleapis.com/compute/v1/projects/deb-project-401113/regions/us-central1/subnetworks/public-0-public-subnet",
            "timeouts": null
          },
          "sensitive_attributes": [],
          "private": "eyJlMmJmYjczMC1lY2FhLTExZTYtOGY4OC0zNDM2M2JjN2M0YzAiOnsiY3JlYXRlIjozNjAwMDAwMDAwMDAsImRlbGV0ZSI6MzYwMDAwMDAwMDAwLCJ1cGRhdGUiOjM2MDAwMDAwMDAwMH19",
          "dependencies": [
            "module.vpc.google_compute_network.main-vpc"
          ]
        },
        {
          "index_key": 1,
          "schema_version": 0,
          "attributes": {
            "creation_timestamp": "2023-10-10T19:34:00.227-07:00",
            "description": "",
            "fingerprint": null,
            "gateway_address": "10.0.5.1",
            "id": "projects/deb-project-401113/regions/us-central1/subnetworks/public-1-public-subnet",
            "ip_cidr_range": "10.0.5.0/24",
            "log_config": [],
            "name": "public-1-public-subnet",
            "network": "https://www.googleapis.com/compute/v1/projects/deb-project-401113/global/networks/deb-project-401113-vpc",
            "private_ip_google_access": false,
            "private_ipv6_google_access": "DISABLE_GOOGLE_ACCESS",
            "project": "deb-project-401113",
            "region": "us-central1",
            "secondary_ip_range": [],
            "self_link": "https://www.googleapis.com/compute/v1/projects/deb-project-401113/regions/us-central1/subnetworks/public-1-public-subnet",
            "timeouts": null
          },
          "sensitive_attributes": [],
          "private": "eyJlMmJmYjczMC1lY2FhLTExZTYtOGY4OC0zNDM2M2JjN2M0YzAiOnsiY3JlYXRlIjozNjAwMDAwMDAwMDAsImRlbGV0ZSI6MzYwMDAwMDAwMDAwLCJ1cGRhdGUiOjM2MDAwMDAwMDAwMH19",
          "dependencies": [
            "module.vpc.google_compute_network.main-vpc"
          ]
        },
        {
          "index_key": 2,
          "schema_version": 0,
          "attributes": {
            "creation_timestamp": "2023-10-10T19:34:01.217-07:00",
            "description": "",
            "fingerprint": null,
            "gateway_address": "10.0.6.1",
            "id": "projects/deb-project-401113/regions/us-central1/subnetworks/public-2-public-subnet",
            "ip_cidr_range": "10.0.6.0/24",
            "log_config": [],
            "name": "public-2-public-subnet",
            "network": "https://www.googleapis.com/compute/v1/projects/deb-project-401113/global/networks/deb-project-401113-vpc",
            "private_ip_google_access": false,
            "private_ipv6_google_access": "DISABLE_GOOGLE_ACCESS",
            "project": "deb-project-401113",
            "region": "us-central1",
            "secondary_ip_range": [],
            "self_link": "https://www.googleapis.com/compute/v1/projects/deb-project-401113/regions/us-central1/subnetworks/public-2-public-subnet",
            "timeouts": null
          },
          "sensitive_attributes": [],
          "private": "eyJlMmJmYjczMC1lY2FhLTExZTYtOGY4OC0zNDM2M2JjN2M0YzAiOnsiY3JlYXRlIjozNjAwMDAwMDAwMDAsImRlbGV0ZSI6MzYwMDAwMDAwMDAwLCJ1cGRhdGUiOjM2MDAwMDAwMDAwMH19",
          "dependencies": [
            "module.vpc.google_compute_network.main-vpc"
          ]
        }
      ]
    }
  ],
  "check_results": null
}
